{
  "requires": true,
  "lockfileVersion": 1,
  "dependencies": {
    "@syncfusion/ej2-base": {
      "version": "20.4.51",
      "resolved": "https://registry.npmjs.org/@syncfusion/ej2-base/-/ej2-base-20.4.51.tgz",
      "integrity": "sha512-nVyqylTXFuEMZARmqAtGQVadqDwwqgKSC4r1IYwSEc8FoEa2mBxlhQWPjBN7SucwAGAh9aQvnkqIJjSCy8jZiA==",
      "requires": {
        "@syncfusion/ej2-icons": "~20.4.48"
      }
    },
    "@syncfusion/ej2-buttons": {
      "version": "20.4.50",
      "resolved": "https://registry.npmjs.org/@syncfusion/ej2-buttons/-/ej2-buttons-20.4.50.tgz",
      "integrity": "sha512-D4hhswF7oNbVYV4bTALkLFaGbHGgUf55BqftOUP+h3SmyMafaMnNdpgni4D2rXPa2SJ23onRS6X6tbplV0y5gg==",
      "requires": {
        "@syncfusion/ej2-base": "~20.4.48"
      }
    },
    "@syncfusion/ej2-calendars": {
      "version": "20.4.51",
      "resolved": "https://registry.npmjs.org/@syncfusion/ej2-calendars/-/ej2-calendars-20.4.51.tgz",
      "integrity": "sha512-cVtP8g2vdqSjO6h/PvsZd3QfJ2thKnJTvBhexF2U1zBesFLCfCF28WCXrQAdhIUa0/QrjNHS2ZLOG55epLw8hg==",
      "requires": {
        "@syncfusion/ej2-base": "~20.4.51",
        "@syncfusion/ej2-buttons": "~20.4.50",
        "@syncfusion/ej2-inputs": "~20.4.51",
        "@syncfusion/ej2-lists": "~20.4.50",
        "@syncfusion/ej2-popups": "~20.4.51"
      }
    },
    "@syncfusion/ej2-compression": {
      "version": "20.4.48",
      "resolved": "https://registry.npmjs.org/@syncfusion/ej2-compression/-/ej2-compression-20.4.48.tgz",
      "integrity": "sha512-ikl8XIn5+ZqLIwuMBDLcC+zjXHq1P1l4MCwAzIebUcOeU7+W64wAFn7SR/fZ0spBpSnvi/avQXyNB55mYJ/mlQ==",
      "requires": {
        "@syncfusion/ej2-file-utils": "~20.4.48"
      }
    },
    "@syncfusion/ej2-data": {
      "version": "20.4.48",
      "resolved": "https://registry.npmjs.org/@syncfusion/ej2-data/-/ej2-data-20.4.48.tgz",
      "integrity": "sha512-RQ0bplZ20GmmBuJYXSMKVGUGpap0Sx7Zls4tL7+IBIIq+jdGNat80b6pemJAKxyZfy3iCB0+L4L2LVAlfN+KTw==",
      "requires": {
        "@syncfusion/ej2-base": "~20.4.48"
      }
    },
    "@syncfusion/ej2-dropdowns": {
      "version": "20.4.51",
      "resolved": "https://registry.npmjs.org/@syncfusion/ej2-dropdowns/-/ej2-dropdowns-20.4.51.tgz",
      "integrity": "sha512-QGE6OidBiEXlo+S6+p1sjvVj5635yG9TdwDc5T18xGRNFVF/2fLqHiPcyYBr8/WiDFsmiyzJw+qvgv6IchqmSQ==",
      "requires": {
        "@syncfusion/ej2-base": "~20.4.51",
        "@syncfusion/ej2-data": "~20.4.48",
        "@syncfusion/ej2-inputs": "~20.4.51",
        "@syncfusion/ej2-lists": "~20.4.50",
        "@syncfusion/ej2-navigations": "~20.4.51",
        "@syncfusion/ej2-popups": "~20.4.51"
      }
    },
    "@syncfusion/ej2-excel-export": {
      "version": "20.4.51",
      "resolved": "https://registry.npmjs.org/@syncfusion/ej2-excel-export/-/ej2-excel-export-20.4.51.tgz",
      "integrity": "sha512-riccw4iEQLcUUvJ8e/0lRXZUpbZeWbfHk04hfrT4PqQzbIEMor4WKWEOhX4ahVTrSvYeCUSnrr/58VhMdeFIGw==",
      "requires": {
        "@syncfusion/ej2-base": "~20.4.51",
        "@syncfusion/ej2-compression": "~20.4.48"
      }
    },
    "@syncfusion/ej2-file-utils": {
      "version": "20.4.48",
      "resolved": "https://registry.npmjs.org/@syncfusion/ej2-file-utils/-/ej2-file-utils-20.4.48.tgz",
      "integrity": "sha512-B5cMQUhTtWYeDYz34saRKGGp49gNG+MdFljvsd+ljF9wnqRw9c+p74uYNeppyswn+2OiHA0AC0M1PHD9GIlE2g=="
    },
    "@syncfusion/ej2-grids": {
      "version": "20.4.51",
      "resolved": "https://registry.npmjs.org/@syncfusion/ej2-grids/-/ej2-grids-20.4.51.tgz",
      "integrity": "sha512-zXsgOoARMahp30tEwnVHJ/0ShSLA02wfPKRiTut1cl1gNY1Ez0NQNXK6dNBO2nGoa+yi0DcOBP+al6rAAB9P6Q==",
      "requires": {
        "@syncfusion/ej2-base": "~20.4.51",
        "@syncfusion/ej2-buttons": "~20.4.50",
        "@syncfusion/ej2-calendars": "~20.4.51",
        "@syncfusion/ej2-compression": "~20.4.48",
        "@syncfusion/ej2-data": "~20.4.48",
        "@syncfusion/ej2-dropdowns": "~20.4.51",
        "@syncfusion/ej2-excel-export": "~20.4.51",
        "@syncfusion/ej2-file-utils": "~20.4.48",
        "@syncfusion/ej2-inputs": "~20.4.51",
        "@syncfusion/ej2-lists": "~20.4.50",
        "@syncfusion/ej2-navigations": "~20.4.51",
        "@syncfusion/ej2-notifications": "~20.4.48",
        "@syncfusion/ej2-pdf-export": "~20.4.48",
        "@syncfusion/ej2-popups": "~20.4.51",
        "@syncfusion/ej2-splitbuttons": "~20.4.50"
      }
    },
    "@syncfusion/ej2-icons": {
      "version": "20.4.48",
      "resolved": "https://registry.npmjs.org/@syncfusion/ej2-icons/-/ej2-icons-20.4.48.tgz",
      "integrity": "sha512-uPV4RzwxQ3cj6Zx4h6VvsEmrCGL9ssKG62Pa12k1fow915QSSQkJ0WZ6dBHIdXbk5nSDp2J2wDlV+5h3Ici+sg=="
    },
    "@syncfusion/ej2-inputs": {
      "version": "20.4.51",
      "resolved": "https://registry.npmjs.org/@syncfusion/ej2-inputs/-/ej2-inputs-20.4.51.tgz",
      "integrity": "sha512-GXl/s4k3IhyDqqaNZ7joUPQ436b6MlMiIDt9XkvBuygivoWq1DF0qsiBQCnExd9ZxK8XICBPD86VlAUof9EpkQ==",
      "requires": {
        "@syncfusion/ej2-base": "~20.4.51",
        "@syncfusion/ej2-buttons": "~20.4.50",
        "@syncfusion/ej2-popups": "~20.4.51",
        "@syncfusion/ej2-splitbuttons": "~20.4.50"
      }
    },
    "@syncfusion/ej2-lists": {
      "version": "20.4.50",
      "resolved": "https://registry.npmjs.org/@syncfusion/ej2-lists/-/ej2-lists-20.4.50.tgz",
      "integrity": "sha512-Kw0LtJ4ypp6bzO1In4H5QF3LfWQlAqPPLtDWkb8yXxwatDH8nDAJP/yln9Ljm3wZfQFB1hvCJO/Digyl2l+OUw==",
      "requires": {
        "@syncfusion/ej2-base": "~20.4.48",
        "@syncfusion/ej2-buttons": "~20.4.50",
        "@syncfusion/ej2-data": "~20.4.48"
      }
    },
    "@syncfusion/ej2-navigations": {
      "version": "20.4.51",
      "resolved": "https://registry.npmjs.org/@syncfusion/ej2-navigations/-/ej2-navigations-20.4.51.tgz",
      "integrity": "sha512-XP7GEfVheDcwSkVPgbuLn9Sxe5AgmLqmGevmlWgmJVEE6++npnyqCWCL5P2aKEMSPx7ANocqGjdXTtl4CDPRmw==",
      "requires": {
        "@syncfusion/ej2-base": "~20.4.51",
        "@syncfusion/ej2-buttons": "~20.4.50",
        "@syncfusion/ej2-data": "~20.4.48",
        "@syncfusion/ej2-inputs": "~20.4.51",
        "@syncfusion/ej2-lists": "~20.4.50",
        "@syncfusion/ej2-popups": "~20.4.51"
      }
    },
    "@syncfusion/ej2-notifications": {
      "version": "20.4.48",
      "resolved": "https://registry.npmjs.org/@syncfusion/ej2-notifications/-/ej2-notifications-20.4.48.tgz",
      "integrity": "sha512-WUKBOTo8AWA7P7skpcKW9WXbuJPeiEAanH/d5oj8oWhpW6KG48hWeROz3Et4dvGnNKme4BHo6PRd5E8On7xUSw==",
      "requires": {
        "@syncfusion/ej2-base": "~20.4.48",
        "@syncfusion/ej2-buttons": "~20.4.48",
        "@syncfusion/ej2-popups": "~20.4.48"
      }
    },
    "@syncfusion/ej2-pdf-export": {
      "version": "20.4.48",
      "resolved": "https://registry.npmjs.org/@syncfusion/ej2-pdf-export/-/ej2-pdf-export-20.4.48.tgz",
      "integrity": "sha512-HE4k5SCxN49eqfkOVmy3+PMwa4MfzCmd15CQYYF7KpdmMhHBOk63KL5gRJqcD5GnGNE403PfnB8h4Y7kq1DK8w==",
      "requires": {
        "@syncfusion/ej2-compression": "~20.4.48"
      }
    },
    "@syncfusion/ej2-popups": {
      "version": "20.4.51",
      "resolved": "https://registry.npmjs.org/@syncfusion/ej2-popups/-/ej2-popups-20.4.51.tgz",
      "integrity": "sha512-FdXkpGLQVhMgoDN1wVAaGWx+tW2tnQoLsChhK4DMUIPTF5wqCQ5sC0ZvgMeG7cWGNresMMUxbISW3z3oKUaMMQ==",
      "requires": {
        "@syncfusion/ej2-base": "~20.4.51",
        "@syncfusion/ej2-buttons": "~20.4.50"
      }
    },
    "@syncfusion/ej2-react-base": {
      "version": "20.4.48",
      "resolved": "https://registry.npmjs.org/@syncfusion/ej2-react-base/-/ej2-react-base-20.4.48.tgz",
      "integrity": "sha512-hm12BxvIFkdArD/v7w+yeymY4tQl/8lGQcXp3cgja/RLSjt5FNTVYS3mRRmy++HIocqdiYGhTXnEW8V4PLy+QQ==",
      "requires": {
        "@syncfusion/ej2-base": "~20.4.48"
      }
    },
    "@syncfusion/ej2-react-dropdowns": {
      "version": "20.4.51",
      "resolved": "https://registry.npmjs.org/@syncfusion/ej2-react-dropdowns/-/ej2-react-dropdowns-20.4.51.tgz",
      "integrity": "sha512-bmmgoHu3RTfqc1CKR2FzmxgV5l1isOuyGE1cB52KB60ZOhpDhqp0YReqm8/55yCy8JjhMC9AMfOCmdB1s5zSAg==",
      "requires": {
        "@syncfusion/ej2-base": "~20.4.51",
        "@syncfusion/ej2-dropdowns": "20.4.51",
        "@syncfusion/ej2-react-base": "~20.4.48"
      }
    },
    "@syncfusion/ej2-react-grids": {
      "version": "20.4.51",
      "resolved": "https://registry.npmjs.org/@syncfusion/ej2-react-grids/-/ej2-react-grids-20.4.51.tgz",
      "integrity": "sha512-nluX4vMiYY2wlPmg6w8ldpWWuwC0oPYaGUrmKoi/XIvDbKHXR6vtLlpNNt8OwYRiRnWB0Y/zQCKBB5SqqCmoAA==",
      "requires": {
        "@syncfusion/ej2-base": "~20.4.51",
        "@syncfusion/ej2-grids": "20.4.51",
        "@syncfusion/ej2-react-base": "~20.4.48"
      }
    },
    "@syncfusion/ej2-splitbuttons": {
      "version": "20.4.50",
      "resolved": "https://registry.npmjs.org/@syncfusion/ej2-splitbuttons/-/ej2-splitbuttons-20.4.50.tgz",
      "integrity": "sha512-Av/d8K1tuRs/gLnWKVfyLZ7iLhW8DyaqBNdpdYWsjNBuoVpRZdYddOSqPOeOzq5Upd6DzCkGpUfT3WDpAoNH7w==",
      "requires": {
        "@syncfusion/ej2-base": "~20.4.48",
        "@syncfusion/ej2-popups": "~20.4.49"
      }
    },
    "clsx": {
      "version": "1.2.1",
      "resolved": "https://registry.npmjs.org/clsx/-/clsx-1.2.1.tgz",
      "integrity": "sha512-EcR6r5a8bj6pu3ycsa/E/cKVGuTgZJZdsyUYHOksG/UHIiKfjxzRxYJpyVBwYaQeOvghal9fcc4PidlgzugAQg=="
    },
    "js-tokens": {
      "version": "4.0.0",
      "resolved": "https://registry.npmjs.org/js-tokens/-/js-tokens-4.0.0.tgz",
      "integrity": "sha512-RdJUflcE3cUzKiMqQgsCu06FPu9UdIJO0beYbPhHN4k6apgJtifcoCtT9bcxOpYBtpD2kCM6Sbzg4CausW/PKQ=="
    },
    "lodash.isequal": {
      "version": "4.5.0",
      "resolved": "https://registry.npmjs.org/lodash.isequal/-/lodash.isequal-4.5.0.tgz",
      "integrity": "sha512-pDo3lu8Jhfjqls6GkMgpahsF9kCyayhgykjyLMNFTKWrpVdAQtYyB4muAMWozBB4ig/dtWAmsMxLEI8wuz+DYQ=="
    },
    "loose-envify": {
      "version": "1.4.0",
      "resolved": "https://registry.npmjs.org/loose-envify/-/loose-envify-1.4.0.tgz",
      "integrity": "sha512-lyuxPGr/Wfhrlem2CL/UcnUc1zcqKAImBDzukY7Y5F/yQiNdko6+fRLevlw1HgMySw7f611UIY408EtxRSoK3Q==",
      "requires": {
        "js-tokens": "^3.0.0 || ^4.0.0"
      }
    },
    "object-assign": {
      "version": "4.1.1",
      "resolved": "https://registry.npmjs.org/object-assign/-/object-assign-4.1.1.tgz",
      "integrity": "sha512-rJgTQnkUnH1sFw8yT6VSU3zD3sWmu6sZhIseY8VX+GRu3P6F7Fu+JNDoXfklElbLJSnc3FUQHVe4cU5hj+BcUg=="
    },
    "prop-types": {
      "version": "15.8.1",
      "resolved": "https://registry.npmjs.org/prop-types/-/prop-types-15.8.1.tgz",
      "integrity": "sha512-oj87CgZICdulUohogVAR7AjlC0327U4el4L6eAvOqCeudMDVU0NThNaV+b9Df4dXgSP1gXMTnPdhfe/2qDH5cg==",
      "requires": {
        "loose-envify": "^1.4.0",
        "object-assign": "^4.1.1",
        "react-is": "^16.13.1"
      }
    },
    "react-draggable": {
      "version": "4.4.5",
      "resolved": "https://registry.npmjs.org/react-draggable/-/react-draggable-4.4.5.tgz",
      "integrity": "sha512-OMHzJdyJbYTZo4uQE393fHcqqPYsEtkjfMgvCHr6rejT+Ezn4OZbNyGH50vv+SunC1RMvwOTSWkEODQLzw1M9g==",
      "requires": {
        "clsx": "^1.1.1",
        "prop-types": "^15.8.1"
      }
    },
    "react-grid-layout": {
      "version": "1.3.4",
      "resolved": "https://registry.npmjs.org/react-grid-layout/-/react-grid-layout-1.3.4.tgz",
      "integrity": "sha512-sB3rNhorW77HUdOjB4JkelZTdJGQKuXLl3gNg+BI8gJkTScspL1myfZzW/EM0dLEn+1eH+xW+wNqk0oIM9o7cw==",
      "requires": {
        "clsx": "^1.1.1",
        "lodash.isequal": "^4.0.0",
        "prop-types": "^15.8.1",
        "react-draggable": "^4.0.0",
        "react-resizable": "^3.0.4"
      }
    },
    "react-is": {
      "version": "16.13.1",
      "resolved": "https://registry.npmjs.org/react-is/-/react-is-16.13.1.tgz",
      "integrity": "sha512-24e6ynE2H+OKt4kqsOvNd8kBpV65zoxbA4BVsEOB3ARVWQki/DHzaUoC5KuON/BiccDaCCTZBuOcfZs70kR8bQ=="
    },
    "react-resizable": {
      "version": "3.0.4",
      "resolved": "https://registry.npmjs.org/react-resizable/-/react-resizable-3.0.4.tgz",
      "integrity": "sha512-StnwmiESiamNzdRHbSSvA65b0ZQJ7eVQpPusrSmcpyGKzC0gojhtO62xxH6YOBmepk9dQTBi9yxidL3W4s3EBA==",
      "requires": {
        "prop-types": "15.x",
        "react-draggable": "^4.0.3"
      }
    }
  }
}
